
Microsoft Visual Studio Solution File, Format Version 12.00
# Visual Studio 14
VisualStudioVersion = 14.0.25420.1
MinimumVisualStudioVersion = 10.0.40219.1
Project("{FAE04EC0-301F-11D3-BF4B-00C04F79EFBC}") = "HangfireTaskDispatcher", "HangfireTaskDispatcher.csproj", "{43D6E0A3-B847-4D05-B207-AA18C38700B0}"
EndProject
Project("{FAE04EC0-301F-11D3-BF4B-00C04F79EFBC}") = "TestSite", "..\TestSite\TestSite.csproj", "{5C538F8B-179D-418B-8C9F-50CB034AB94F}"
EndProject
Project("{FAE04EC0-301F-11D3-BF4B-00C04F79EFBC}") = "ExternalTaskStorage", "ExternalTaskStorage\ExternalTaskStorage.csproj", "{29369F9C-DF4C-4B22-BADA-1CAC43C3EB98}"
EndProject
Global
	GlobalSection(SolutionConfigurationPlatforms) = preSolution
		Debug|Any CPU = Debug|Any CPU
		Release|Any CPU = Release|Any CPU
	EndGlobalSection
	GlobalSection(ProjectConfigurationPlatforms) = postSolution
		{43D6E0A3-B847-4D05-B207-AA18C38700B0}.Debug|Any CPU.ActiveCfg = Debug|Any CPU
		{43D6E0A3-B847-4D05-B207-AA18C38700B0}.Debug|Any CPU.Build.0 = Debug|Any CPU
		{43D6E0A3-B847-4D05-B207-AA18C38700B0}.Release|Any CPU.ActiveCfg = Release|Any CPU
		{43D6E0A3-B847-4D05-B207-AA18C38700B0}.Release|Any CPU.Build.0 = Release|Any CPU
		{5C538F8B-179D-418B-8C9F-50CB034AB94F}.Debug|Any CPU.ActiveCfg = Debug|Any CPU
		{5C538F8B-179D-418B-8C9F-50CB034AB94F}.Debug|Any CPU.Build.0 = Debug|Any CPU
		{5C538F8B-179D-418B-8C9F-50CB034AB94F}.Release|Any CPU.ActiveCfg = Release|Any CPU
		{5C538F8B-179D-418B-8C9F-50CB034AB94F}.Release|Any CPU.Build.0 = Release|Any CPU
		{29369F9C-DF4C-4B22-BADA-1CAC43C3EB98}.Debug|Any CPU.ActiveCfg = Debug|Any CPU
		{29369F9C-DF4C-4B22-BADA-1CAC43C3EB98}.Debug|Any CPU.Build.0 = Debug|Any CPU
		{29369F9C-DF4C-4B22-BADA-1CAC43C3EB98}.Release|Any CPU.ActiveCfg = Release|Any CPU
		{29369F9C-DF4C-4B22-BADA-1CAC43C3EB98}.Release|Any CPU.Build.0 = Release|Any CPU
	EndGlobalSection
	GlobalSection(SolutionProperties) = preSolution
		HideSolutionNode = FALSE
	EndGlobalSection
EndGlobal
