
Microsoft Visual Studio Solution File, Format Version 12.00
# Visual Studio 15
VisualStudioVersion = 15.0.26430.14
MinimumVisualStudioVersion = 10.0.40219.1
Project("{FAE04EC0-301F-11D3-BF4B-00C04F79EFBC}") = "HangfireTaskDispatcher", "HangfireTaskDispatcher.csproj", "{43D6E0A3-B847-4D05-B207-AA18C38700B0}"
EndProject
Project("{FAE04EC0-301F-11D3-BF4B-00C04F79EFBC}") = "TestSite", "..\TestSite\TestSite.csproj", "{5C538F8B-179D-418B-8C9F-50CB034AB94F}"
EndProject
Project("{FAE04EC0-301F-11D3-BF4B-00C04F79EFBC}") = "Tasks", "Tasks\Tasks.csproj", "{99183443-02B1-4908-9C5E-34A0E4B8F602}"
EndProject
Project("{FAE04EC0-301F-11D3-BF4B-00C04F79EFBC}") = "Hangfire.Extension.RecurringJobs", "..\HangfireRecurringJobs\Hangfire.Extension.RecurringJobs.csproj", "{56B92377-9681-4A5B-8971-97324B5274EA}"
EndProject
Global
	GlobalSection(SolutionConfigurationPlatforms) = preSolution
		Debug|Any CPU = Debug|Any CPU
		Release|Any CPU = Release|Any CPU
	EndGlobalSection
	GlobalSection(ProjectConfigurationPlatforms) = postSolution
		{43D6E0A3-B847-4D05-B207-AA18C38700B0}.Debug|Any CPU.ActiveCfg = Debug|Any CPU
		{43D6E0A3-B847-4D05-B207-AA18C38700B0}.Debug|Any CPU.Build.0 = Debug|Any CPU
		{43D6E0A3-B847-4D05-B207-AA18C38700B0}.Release|Any CPU.ActiveCfg = Release|Any CPU
		{43D6E0A3-B847-4D05-B207-AA18C38700B0}.Release|Any CPU.Build.0 = Release|Any CPU
		{5C538F8B-179D-418B-8C9F-50CB034AB94F}.Debug|Any CPU.ActiveCfg = Debug|Any CPU
		{5C538F8B-179D-418B-8C9F-50CB034AB94F}.Debug|Any CPU.Build.0 = Debug|Any CPU
		{5C538F8B-179D-418B-8C9F-50CB034AB94F}.Release|Any CPU.ActiveCfg = Release|Any CPU
		{5C538F8B-179D-418B-8C9F-50CB034AB94F}.Release|Any CPU.Build.0 = Release|Any CPU
		{99183443-02B1-4908-9C5E-34A0E4B8F602}.Debug|Any CPU.ActiveCfg = Debug|Any CPU
		{99183443-02B1-4908-9C5E-34A0E4B8F602}.Debug|Any CPU.Build.0 = Debug|Any CPU
		{99183443-02B1-4908-9C5E-34A0E4B8F602}.Release|Any CPU.ActiveCfg = Release|Any CPU
		{99183443-02B1-4908-9C5E-34A0E4B8F602}.Release|Any CPU.Build.0 = Release|Any CPU
		{56B92377-9681-4A5B-8971-97324B5274EA}.Debug|Any CPU.ActiveCfg = Debug|Any CPU
		{56B92377-9681-4A5B-8971-97324B5274EA}.Debug|Any CPU.Build.0 = Debug|Any CPU
		{56B92377-9681-4A5B-8971-97324B5274EA}.Release|Any CPU.ActiveCfg = Release|Any CPU
		{56B92377-9681-4A5B-8971-97324B5274EA}.Release|Any CPU.Build.0 = Release|Any CPU
	EndGlobalSection
	GlobalSection(SolutionProperties) = preSolution
		HideSolutionNode = FALSE
	EndGlobalSection
EndGlobal
